
Microsoft Visual Studio Solution File, Format Version 12.00
Project("{FAE04EC0-301F-11D3-BF4B-00C04F79EFBC}") = "Api", "Api\Api.csproj", "{E0F5E037-6287-4383-A232-C3B8D0E916A8}"
EndProject
Project("{FAE04EC0-301F-11D3-BF4B-00C04F79EFBC}") = "Api.DataAccess", "Api.DataAccess\Api.DataAccess.csproj", "{070D53F0-E192-493C-973A-11DE2E511798}"
EndProject
Project("{2150E333-8FDC-42A3-9474-1A3956D46DE8}") = "Api", "Api", "{F8D3985B-D925-4BD2-8573-9FA18037BF5A}"
EndProject
Project("{2150E333-8FDC-42A3-9474-1A3956D46DE8}") = "Web", "Web", "{3B28489A-933B-45EC-9683-E83CFB1C38DA}"
EndProject
Project("{FAE04EC0-301F-11D3-BF4B-00C04F79EFBC}") = "Api.Service", "Api.Service\Api.Service.csproj", "{810A6010-BF13-48B3-BFF4-75DBAA2F2F49}"
EndProject
Project("{FAE04EC0-301F-11D3-BF4B-00C04F79EFBC}") = "Web.DataAccess", "Web.DataAccess\Web.DataAccess.csproj", "{3DC84EF4-A4D5-4E84-9939-B20FA4DE12D4}"
EndProject
Project("{FAE04EC0-301F-11D3-BF4B-00C04F79EFBC}") = "Web.Service", "Web.Service\Web.Service.csproj", "{9B1B12F3-2953-443E-AB8A-26787760849C}"
EndProject
Project("{FAE04EC0-301F-11D3-BF4B-00C04F79EFBC}") = "Web", "Web\Web.csproj", "{E3C11153-3366-4E05-8593-AD2742C3B84E}"
EndProject
Global
	GlobalSection(SolutionConfigurationPlatforms) = preSolution
		Debug|Any CPU = Debug|Any CPU
		Release|Any CPU = Release|Any CPU
	EndGlobalSection
	GlobalSection(ProjectConfigurationPlatforms) = postSolution
		{E0F5E037-6287-4383-A232-C3B8D0E916A8}.Debug|Any CPU.ActiveCfg = Debug|Any CPU
		{E0F5E037-6287-4383-A232-C3B8D0E916A8}.Debug|Any CPU.Build.0 = Debug|Any CPU
		{E0F5E037-6287-4383-A232-C3B8D0E916A8}.Release|Any CPU.ActiveCfg = Release|Any CPU
		{E0F5E037-6287-4383-A232-C3B8D0E916A8}.Release|Any CPU.Build.0 = Release|Any CPU
		{070D53F0-E192-493C-973A-11DE2E511798}.Debug|Any CPU.ActiveCfg = Debug|Any CPU
		{070D53F0-E192-493C-973A-11DE2E511798}.Debug|Any CPU.Build.0 = Debug|Any CPU
		{070D53F0-E192-493C-973A-11DE2E511798}.Release|Any CPU.ActiveCfg = Release|Any CPU
		{070D53F0-E192-493C-973A-11DE2E511798}.Release|Any CPU.Build.0 = Release|Any CPU
		{810A6010-BF13-48B3-BFF4-75DBAA2F2F49}.Debug|Any CPU.ActiveCfg = Debug|Any CPU
		{810A6010-BF13-48B3-BFF4-75DBAA2F2F49}.Debug|Any CPU.Build.0 = Debug|Any CPU
		{810A6010-BF13-48B3-BFF4-75DBAA2F2F49}.Release|Any CPU.ActiveCfg = Release|Any CPU
		{810A6010-BF13-48B3-BFF4-75DBAA2F2F49}.Release|Any CPU.Build.0 = Release|Any CPU
		{3DC84EF4-A4D5-4E84-9939-B20FA4DE12D4}.Debug|Any CPU.ActiveCfg = Debug|Any CPU
		{3DC84EF4-A4D5-4E84-9939-B20FA4DE12D4}.Debug|Any CPU.Build.0 = Debug|Any CPU
		{3DC84EF4-A4D5-4E84-9939-B20FA4DE12D4}.Release|Any CPU.ActiveCfg = Release|Any CPU
		{3DC84EF4-A4D5-4E84-9939-B20FA4DE12D4}.Release|Any CPU.Build.0 = Release|Any CPU
		{9B1B12F3-2953-443E-AB8A-26787760849C}.Debug|Any CPU.ActiveCfg = Debug|Any CPU
		{9B1B12F3-2953-443E-AB8A-26787760849C}.Debug|Any CPU.Build.0 = Debug|Any CPU
		{9B1B12F3-2953-443E-AB8A-26787760849C}.Release|Any CPU.ActiveCfg = Release|Any CPU
		{9B1B12F3-2953-443E-AB8A-26787760849C}.Release|Any CPU.Build.0 = Release|Any CPU
		{E3C11153-3366-4E05-8593-AD2742C3B84E}.Debug|Any CPU.ActiveCfg = Debug|Any CPU
		{E3C11153-3366-4E05-8593-AD2742C3B84E}.Debug|Any CPU.Build.0 = Debug|Any CPU
		{E3C11153-3366-4E05-8593-AD2742C3B84E}.Release|Any CPU.ActiveCfg = Release|Any CPU
		{E3C11153-3366-4E05-8593-AD2742C3B84E}.Release|Any CPU.Build.0 = Release|Any CPU
	EndGlobalSection
	GlobalSection(NestedProjects) = preSolution
		{E0F5E037-6287-4383-A232-C3B8D0E916A8} = {F8D3985B-D925-4BD2-8573-9FA18037BF5A}
		{070D53F0-E192-493C-973A-11DE2E511798} = {F8D3985B-D925-4BD2-8573-9FA18037BF5A}
		{810A6010-BF13-48B3-BFF4-75DBAA2F2F49} = {F8D3985B-D925-4BD2-8573-9FA18037BF5A}
		{3DC84EF4-A4D5-4E84-9939-B20FA4DE12D4} = {3B28489A-933B-45EC-9683-E83CFB1C38DA}
		{9B1B12F3-2953-443E-AB8A-26787760849C} = {3B28489A-933B-45EC-9683-E83CFB1C38DA}
		{E3C11153-3366-4E05-8593-AD2742C3B84E} = {3B28489A-933B-45EC-9683-E83CFB1C38DA}
	EndGlobalSection
EndGlobal
